Microsoft Visual Studio Solution File, Format Version 12.00
# Visual Studio Version 17
VisualStudioVersion = 17.0.31611.283
MinimumVisualStudioVersion = 10.0.40219.1
Project("{9A19103F-16F7-4668-BE54-9A1E7A4F7556}") = "BlazorHybridApp", "BlazorHybridApp.csproj", "{7EFF7502-64AF-4A02-AF25-3B0043BD6453}"
EndProject
Global
	GlobalSection(SolutionConfigurationPlatforms) = preSolution
		Debug|Any CPU = Debug|Any CPU
		Release|Any CPU = Release|Any CPU
	EndGlobalSection
	GlobalSection(ProjectConfigurationPlatforms) = postSolution
		{7EFF7502-64AF-4A02-AF25-3B0043BD6453}.Debug|Any CPU.ActiveCfg = Debug|Any CPU
		{7EFF7502-64AF-4A02-AF25-3B0043BD6453}.Debug|Any CPU.Build.0 = Debug|Any CPU
		{7EFF7502-64AF-4A02-AF25-3B0043BD6453}.Debug|Any CPU.Deploy.0 = Debug|Any CPU
		{7EFF7502-64AF-4A02-AF25-3B0043BD6453}.Release|Any CPU.ActiveCfg = Release|Any CPU
		{7EFF7502-64AF-4A02-AF25-3B0043BD6453}.Release|Any CPU.Build.0 = Release|Any CPU
		{7EFF7502-64AF-4A02-AF25-3B0043BD6453}.Release|Any CPU.Deploy.0 = Release|Any CPU
	EndGlobalSection
	GlobalSection(SolutionProperties) = preSolution
		HideSolutionNode = FALSE
	EndGlobalSection
	GlobalSection(ExtensibilityGlobals) = postSolution
		        SolutionGuid = {61F7FB11-1E47-470C-91E2-47F8143E1572}
		SolutionGuid = {A4BB1F89-E7D4-42F0-AF71-B524D81BC3C5}
	EndGlobalSection
EndGlobal
